
Microsoft Visual Studio Solution File, Format Version 12.00
# Visual Studio Version 17
VisualStudioVersion = 17.4.33403.182
MinimumVisualStudioVersion = 10.0.40219.1
Project("{FAE04EC0-301F-11D3-BF4B-00C04F79EFBC}") = "EnumOpdracht", "EnumOpdracht\EnumOpdracht.csproj", "{77965BD5-3A42-49D0-8573-46C1336F9011}"
EndProject
Global
	GlobalSection(SolutionConfigurationPlatforms) = preSolution
		Debug|Any CPU = Debug|Any CPU
		Release|Any CPU = Release|Any CPU
	EndGlobalSection
	GlobalSection(ProjectConfigurationPlatforms) = postSolution
		{77965BD5-3A42-49D0-8573-46C1336F9011}.Debug|Any CPU.ActiveCfg = Debug|Any CPU
		{77965BD5-3A42-49D0-8573-46C1336F9011}.Debug|Any CPU.Build.0 = Debug|Any CPU
		{77965BD5-3A42-49D0-8573-46C1336F9011}.Release|Any CPU.ActiveCfg = Release|Any CPU
		{77965BD5-3A42-49D0-8573-46C1336F9011}.Release|Any CPU.Build.0 = Release|Any CPU
	EndGlobalSection
	GlobalSection(SolutionProperties) = preSolution
		HideSolutionNode = FALSE
	EndGlobalSection
	GlobalSection(ExtensibilityGlobals) = postSolution
		SolutionGuid = {55EC58C6-A792-4E0E-9939-6CB8A5F29EE8}
	EndGlobalSection
EndGlobal
